
Microsoft Visual Studio Solution File, Format Version 12.00
# Visual Studio 15
VisualStudioVersion = 15.0.28307.421
MinimumVisualStudioVersion = 10.0.40219.1
Project("{FAE04EC0-301F-11D3-BF4B-00C04F79EFBC}") = "miniTC", "lab_2_B\miniTC.csproj", "{3E47DB43-4C15-4BAA-8743-F034A516D797}"
EndProject
Global
	GlobalSection(SolutionConfigurationPlatforms) = preSolution
		Debug|Any CPU = Debug|Any CPU
		Release|Any CPU = Release|Any CPU
	EndGlobalSection
	GlobalSection(ProjectConfigurationPlatforms) = postSolution
		{3E47DB43-4C15-4BAA-8743-F034A516D797}.Debug|Any CPU.ActiveCfg = Debug|Any CPU
		{3E47DB43-4C15-4BAA-8743-F034A516D797}.Debug|Any CPU.Build.0 = Debug|Any CPU
		{3E47DB43-4C15-4BAA-8743-F034A516D797}.Release|Any CPU.ActiveCfg = Release|Any CPU
		{3E47DB43-4C15-4BAA-8743-F034A516D797}.Release|Any CPU.Build.0 = Release|Any CPU
	EndGlobalSection
	GlobalSection(SolutionProperties) = preSolution
		HideSolutionNode = FALSE
	EndGlobalSection
	GlobalSection(ExtensibilityGlobals) = postSolution
		SolutionGuid = {64E8E95C-B31A-4706-9A21-D3883E5A6B78}
	EndGlobalSection
EndGlobal
